langcode: en
status: true
dependencies:
  module:
    - ol_main
  theme:
    - ol_base
id: maintitleblock
theme: ol_base
region: main_title
weight: 0
provider: null
plugin: main_title_block
settings:
  id: main_title_block
  label: 'Main title block'
  provider: ol_main
  label_display: '0'
visibility: {  }
