langcode: en
status: true
dependencies:
  module:
    - ol_main
  theme:
    - ol_base
id: sidebarheaderblock
theme: ol_base
region: sidebar_header
weight: 0
provider: null
plugin: sidebar_header_block
settings:
  id: sidebar_header_block
  label: 'Sidebar header block'
  provider: ol_main
  label_display: '0'
visibility: {  }
