langcode: en
status: true
dependencies:
  module:
    - ol_main
    - user
  theme:
    - ol_base
id: sidebaruserblock
theme: ol_base
region: sidebar_user
weight: 0
provider: null
plugin: sidebar_user_block
settings:
  id: sidebar_user_block
  label: 'Sidebar user block'
  provider: ol_main
  label_display: '0'
visibility:
  user_role:
    id: user_role
    roles:
      authenticated: authenticated
    negate: false
    context_mapping:
      user: '@user.current_user_context:current_user'
